{
  "version": 4,
  "terraform_version": "1.0.10",
  "serial": 3,
  "lineage": "d421cacc-40d7-28f0-3d0d-a35383111d46",
  "outputs": {},
  "resources": [
    {
      "mode": "data",
      "type": "vsphere_datacenter",
      "name": "datacenter",
      "provider": "provider[\"registry.terraform.io/hashicorp/vsphere\"]",
      "instances": [
        {
          "schema_version": 0,
          "attributes": {
            "id": "datacenter-2",
            "name": "Alphorm"
          },
          "sensitive_attributes": []
        }
      ]
    },
    {
      "mode": "data",
      "type": "vsphere_host",
      "name": "host",
      "provider": "provider[\"registry.terraform.io/hashicorp/vsphere\"]",
      "instances": [
        {
          "schema_version": 0,
          "attributes": {
            "datacenter_id": "datacenter-2",
            "id": "host-13",
            "name": "192.168.1.93",
            "resource_pool_id": "resgroup-12"
          },
          "sensitive_attributes": []
        }
      ]
    },
    {
      "mode": "managed",
      "type": "vsphere_host_port_group",
      "name": "portgroup",
      "provider": "provider[\"registry.terraform.io/hashicorp/vsphere\"]",
      "instances": [
        {
          "schema_version": 0,
          "attributes": {
            "active_nics": null,
            "allow_forged_transmits": null,
            "allow_mac_changes": null,
            "allow_promiscuous": null,
            "check_beacon": null,
            "computed_policy": {
              "active_nics.#": "2",
              "active_nics.0": "vmnic0",
              "active_nics.1": "vmnic1",
              "allow_forged_transmits": "true",
              "allow_mac_changes": "true",
              "allow_promiscuous": "false",
              "check_beacon": "false",
              "failback": "true",
              "notify_switches": "true",
              "shaping_average_bandwidth": "0",
              "shaping_burst_size": "0",
              "shaping_enabled": "false",
              "shaping_peak_bandwidth": "0",
              "standby_nics.#": "0",
              "teaming_policy": "loadbalance_srcid"
            },
            "failback": null,
            "host_system_id": "host-13",
            "id": "tf-HostPortGroup:host-13:MyPortGroup",
            "key": "key-vim.host.PortGroup-MyPortGroup",
            "name": "MyPortGroup",
            "notify_switches": null,
            "ports": [],
            "shaping_average_bandwidth": 0,
            "shaping_burst_size": 0,
            "shaping_enabled": null,
            "shaping_peak_bandwidth": 0,
            "standby_nics": null,
            "teaming_policy": "",
            "virtual_switch_name": "vSwitch0",
            "vlan_id": 46
          },
          "sensitive_attributes": [],
          "private": "bnVsbA==",
          "dependencies": [
            "data.vsphere_host.host"
          ]
        }
      ]
    }
  ]
}
