{
  "version": 4,
  "terraform_version": "1.0.10",
  "serial": 5,
  "lineage": "bb39c2e0-1ca4-7d73-23e8-bdbcf01aae34",
  "outputs": {},
  "resources": [
    {
      "mode": "managed",
      "type": "vsphere_folder",
      "name": "folder",
      "provider": "provider[\"registry.terraform.io/hashicorp/vsphere\"]",
      "instances": [
        {
          "schema_version": 1,
          "attributes": {
            "custom_attributes": null,
            "datacenter_id": null,
            "id": "group-d86",
            "path": "Alphorm",
            "tags": null,
            "type": "datacenter"
          },
          "sensitive_attributes": [],
          "private": "eyJzY2hlbWFfdmVyc2lvbiI6IjEifQ=="
        }
      ]
    }
  ]
}
